
Microsoft Visual Studio Solution File, Format Version 12.00
# Visual Studio 15
VisualStudioVersion = 15.0.28010.2048
MinimumVisualStudioVersion = 10.0.40219.1
Project("{FAE04EC0-301F-11D3-BF4B-00C04F79EFBC}") = "CompoundTools", "CompoundTools\CompoundTools.csproj", "{70C89E0C-7756-4979-AF77-6BEC65B15A75}"
EndProject
Global
	GlobalSection(SolutionConfigurationPlatforms) = preSolution
		Debug|Any CPU = Debug|Any CPU
		Release|Any CPU = Release|Any CPU
	EndGlobalSection
	GlobalSection(ProjectConfigurationPlatforms) = postSolution
		{70C89E0C-7756-4979-AF77-6BEC65B15A75}.Debug|Any CPU.ActiveCfg = Debug|Any CPU
		{70C89E0C-7756-4979-AF77-6BEC65B15A75}.Debug|Any CPU.Build.0 = Debug|Any CPU
		{70C89E0C-7756-4979-AF77-6BEC65B15A75}.Release|Any CPU.ActiveCfg = Release|Any CPU
		{70C89E0C-7756-4979-AF77-6BEC65B15A75}.Release|Any CPU.Build.0 = Release|Any CPU
	EndGlobalSection
	GlobalSection(SolutionProperties) = preSolution
		HideSolutionNode = FALSE
	EndGlobalSection
	GlobalSection(ExtensibilityGlobals) = postSolution
		SolutionGuid = {E9B5A893-1DE9-4F9A-B46A-FBB137CC3BF4}
	EndGlobalSection
EndGlobal
